// !$*UTF8*$!
{
	archiveVersion = 1;
	classes = {
	};
	objectVersion = 42;
	objects = {

/* Begin PBXBuildFile section */
		4D2E57010CCF42A60095A3C3 /* rbt.c in Sources */ = {isa = PBXBuildFile; fileRef = 4D678B010CCE768E001E27C2 /* rbt.c */; };
		4D2E57040CCF42B70095A3C3 /* logging.c in Sources */ = {isa = PBXBuildFile; fileRef = 4D678AE90CCE768E001E27C2 /* logging.c */; };
		4D2E577D0CCF45A80095A3C3 /* overnet_client.c in Sources */ = {isa = PBXBuildFile; fileRef = 4D2E570A0CCF42CD0095A3C3 /* overnet_client.c */; };
		4D2E57800CCF45B10095A3C3 /* libKadC.dylib in Frameworks */ = {isa = PBXBuildFile; fileRef = D2AAC0630554660B00DB518D /* libKadC.dylib */; };
		4D2E5D240CCF8C9D0095A3C3 /* net.c in Sources */ = {isa = PBXBuildFile; fileRef = 4D678AF70CCE768E001E27C2 /* net.c */; };
		4D2E5D260CCF8CAA0095A3C3 /* queue.c in Sources */ = {isa = PBXBuildFile; fileRef = 4D678AFF0CCE768E001E27C2 /* queue.c */; };
		4D423C290CE76EA80025D375 /* utils.c in Sources */ = {isa = PBXBuildFile; fileRef = 4D423C270CE76EA80025D375 /* utils.c */; };
		4D423C2A0CE76EA80025D375 /* utils.h in Headers */ = {isa = PBXBuildFile; fileRef = 4D423C280CE76EA80025D375 /* utils.h */; };
		4D4286DD0CD214150082574E /* bufio.c in Sources */ = {isa = PBXBuildFile; fileRef = 4D678AD70CCE768E001E27C2 /* bufio.c */; };
		4D678B130CCE768E001E27C2 /* int128.c in Sources */ = {isa = PBXBuildFile; fileRef = 4D678AE30CCE768E001E27C2 /* int128.c */; };
		4D678B1F0CCE768E001E27C2 /* dht.c in Sources */ = {isa = PBXBuildFile; fileRef = 4D678AEF0CCE768E001E27C2 /* dht.c */; };
		4DA82ADE0CD114A0000056AE /* inifiles.c in Sources */ = {isa = PBXBuildFile; fileRef = 4D678AE10CCE768E001E27C2 /* inifiles.c */; };
/* End PBXBuildFile section */

/* Begin PBXContainerItemProxy section */
		4D2E577E0CCF45AC0095A3C3 /* PBXContainerItemProxy */ = {
			isa = PBXContainerItemProxy;
			containerPortal = 08FB7793FE84155DC02AAC07 /* Project object */;
			proxyType = 1;
			remoteGlobalIDString = D2AAC0620554660B00DB518D;
			remoteInfo = KadC;
		};
/* End PBXContainerItemProxy section */

/* Begin PBXCopyFilesBuildPhase section */
		4DA82DA80CD12FED000056AE /* CopyFiles */ = {
			isa = PBXCopyFilesBuildPhase;
			buildActionMask = 2147483647;
			dstPath = "";
			dstSubfolderSpec = 16;
			files = (
			);
			runOnlyForDeploymentPostprocessing = 0;
		};
/* End PBXCopyFilesBuildPhase section */

/* Begin PBXFileReference section */
		4D2E570A0CCF42CD0095A3C3 /* overnet_client.c */ = {isa = PBXFileReference; fileEncoding = 4; lastKnownFileType = sourcecode.c.c; name = overnet_client.c; path = clients/overnet_client.c; sourceTree = "<group>"; };
		4D2E57790CCF45A00095A3C3 /* Test */ = {isa = PBXFileReference; explicitFileType = "compiled.mach-o.executable"; includeInIndex = 0; path = Test; sourceTree = BUILT_PRODUCTS_DIR; };
		4D423C270CE76EA80025D375 /* utils.c */ = {isa = PBXFileReference; fileEncoding = 4; lastKnownFileType = sourcecode.c.c; path = utils.c; sourceTree = "<group>"; };
		4D423C280CE76EA80025D375 /* utils.h */ = {isa = PBXFileReference; fileEncoding = 4; lastKnownFileType = sourcecode.c.h; path = utils.h; sourceTree = "<group>"; };
		4D678AD70CCE768E001E27C2 /* bufio.c */ = {isa = PBXFileReference; fileEncoding = 30; lastKnownFileType = sourcecode.c.c; path = bufio.c; sourceTree = "<group>"; };
		4D678AD80CCE768E001E27C2 /* bufio.h */ = {isa = PBXFileReference; fileEncoding = 30; lastKnownFileType = sourcecode.c.h; path = bufio.h; sourceTree = "<group>"; };
		4D678AE10CCE768E001E27C2 /* inifiles.c */ = {isa = PBXFileReference; fileEncoding = 30; lastKnownFileType = sourcecode.c.c; path = inifiles.c; sourceTree = "<group>"; };
		4D678AE20CCE768E001E27C2 /* inifiles.h */ = {isa = PBXFileReference; fileEncoding = 30; lastKnownFileType = sourcecode.c.h; path = inifiles.h; sourceTree = "<group>"; };
		4D678AE30CCE768E001E27C2 /* int128.c */ = {isa = PBXFileReference; fileEncoding = 30; lastKnownFileType = sourcecode.c.c; path = int128.c; sourceTree = "<group>"; };
		4D678AE40CCE768E001E27C2 /* int128.h */ = {isa = PBXFileReference; fileEncoding = 30; lastKnownFileType = sourcecode.c.h; path = int128.h; sourceTree = "<group>"; };
		4D678AE90CCE768E001E27C2 /* logging.c */ = {isa = PBXFileReference; fileEncoding = 30; lastKnownFileType = sourcecode.c.c; path = logging.c; sourceTree = "<group>"; };
		4D678AEA0CCE768E001E27C2 /* logging.h */ = {isa = PBXFileReference; fileEncoding = 30; lastKnownFileType = sourcecode.c.h; path = logging.h; sourceTree = "<group>"; };
		4D678AEF0CCE768E001E27C2 /* dht.c */ = {isa = PBXFileReference; fileEncoding = 30; lastKnownFileType = sourcecode.c.c; path = dht.c; sourceTree = "<group>"; };
		4D678AF00CCE768E001E27C2 /* dht.h */ = {isa = PBXFileReference; fileEncoding = 30; lastKnownFileType = sourcecode.c.h; path = dht.h; sourceTree = "<group>"; };
		4D678AF70CCE768E001E27C2 /* net.c */ = {isa = PBXFileReference; fileEncoding = 30; lastKnownFileType = sourcecode.c.c; path = net.c; sourceTree = "<group>"; };
		4D678AF80CCE768E001E27C2 /* net.h */ = {isa = PBXFileReference; fileEncoding = 30; lastKnownFileType = sourcecode.c.h; path = net.h; sourceTree = "<group>"; };
		4D678AF90CCE768E001E27C2 /* overnet_opcodes.h */ = {isa = PBXFileReference; fileEncoding = 30; lastKnownFileType = sourcecode.c.h; name = overnet_opcodes.h; path = clients/overnet_opcodes.h; sourceTree = "<group>"; };
		4D678AFF0CCE768E001E27C2 /* queue.c */ = {isa = PBXFileReference; fileEncoding = 30; lastKnownFileType = sourcecode.c.c; path = queue.c; sourceTree = "<group>"; };
		4D678B000CCE768E001E27C2 /* queue.h */ = {isa = PBXFileReference; fileEncoding = 30; lastKnownFileType = sourcecode.c.h; path = queue.h; sourceTree = "<group>"; };
		4D678B010CCE768E001E27C2 /* rbt.c */ = {isa = PBXFileReference; fileEncoding = 30; lastKnownFileType = sourcecode.c.c; path = rbt.c; sourceTree = "<group>"; };
		4D678B020CCE768E001E27C2 /* rbt.h */ = {isa = PBXFileReference; fileEncoding = 30; lastKnownFileType = sourcecode.c.h; path = rbt.h; sourceTree = "<group>"; };
		4DA82DA10CD12FD9000056AE /* kadc.ini */ = {isa = PBXFileReference; fileEncoding = 30; lastKnownFileType = text; path = kadc.ini; sourceTree = "<group>"; };
		4DF01A5A0CE88C2B00E5F1B8 /* Doxyfile */ = {isa = PBXFileReference; fileEncoding = 4; lastKnownFileType = text; path = Doxyfile; sourceTree = "<group>"; };
		D2AAC0630554660B00DB518D /* libKadC.dylib */ = {isa = PBXFileReference; explicitFileType = "compiled.mach-o.dylib"; includeInIndex = 0; path = libKadC.dylib; sourceTree = BUILT_PRODUCTS_DIR; };
/* End PBXFileReference section */

/* Begin PBXFrameworksBuildPhase section */
		4D2E57770CCF45A00095A3C3 /* Frameworks */ = {
			isa = PBXFrameworksBuildPhase;
			buildActionMask = 2147483647;
			files = (
				4D2E57800CCF45B10095A3C3 /* libKadC.dylib in Frameworks */,
			);
			runOnlyForDeploymentPostprocessing = 0;
		};
		D289988505E68E00004EDB86 /* Frameworks */ = {
			isa = PBXFrameworksBuildPhase;
			buildActionMask = 2147483647;
			files = (
			);
			runOnlyForDeploymentPostprocessing = 0;
		};
/* End PBXFrameworksBuildPhase section */

/* Begin PBXGroup section */
		08FB7794FE84155DC02AAC07 /* KadC */ = {
			isa = PBXGroup;
			children = (
				08FB7795FE84155DC02AAC07 /* Library */,
				4D423BEA0CE74A290025D375 /* Clients */,
				4DF01A590CE88C1400E5F1B8 /* Resources */,
				1AB674ADFE9D54B511CA2CBB /* Products */,
			);
			name = KadC;
			sourceTree = "<group>";
		};
		08FB7795FE84155DC02AAC07 /* Library */ = {
			isa = PBXGroup;
			children = (
				4D423C270CE76EA80025D375 /* utils.c */,
				4D423C280CE76EA80025D375 /* utils.h */,
				4D678AD70CCE768E001E27C2 /* bufio.c */,
				4D678AD80CCE768E001E27C2 /* bufio.h */,
				4D678AE10CCE768E001E27C2 /* inifiles.c */,
				4D678AE20CCE768E001E27C2 /* inifiles.h */,
				4D678AE30CCE768E001E27C2 /* int128.c */,
				4D678AE40CCE768E001E27C2 /* int128.h */,
				4D678AE90CCE768E001E27C2 /* logging.c */,
				4D678AEA0CCE768E001E27C2 /* logging.h */,
				4D678AEF0CCE768E001E27C2 /* dht.c */,
				4D678AF00CCE768E001E27C2 /* dht.h */,
				4D678AF70CCE768E001E27C2 /* net.c */,
				4D678AF80CCE768E001E27C2 /* net.h */,
				4D678AFF0CCE768E001E27C2 /* queue.c */,
				4D678B000CCE768E001E27C2 /* queue.h */,
				4D678B010CCE768E001E27C2 /* rbt.c */,
				4D678B020CCE768E001E27C2 /* rbt.h */,
			);
			name = Library;
			path = src;
			sourceTree = "<group>";
		};
		1AB674ADFE9D54B511CA2CBB /* Products */ = {
			isa = PBXGroup;
			children = (
				D2AAC0630554660B00DB518D /* libKadC.dylib */,
				4D2E57790CCF45A00095A3C3 /* Test */,
			);
			name = Products;
			sourceTree = "<group>";
		};
		4D423BEA0CE74A290025D375 /* Clients */ = {
			isa = PBXGroup;
			children = (
				4D678AF90CCE768E001E27C2 /* overnet_opcodes.h */,
				4D2E570A0CCF42CD0095A3C3 /* overnet_client.c */,
			);
			name = Clients;
			sourceTree = "<group>";
		};
		4DF01A590CE88C1400E5F1B8 /* Resources */ = {
			isa = PBXGroup;
			children = (
				4DF01A5A0CE88C2B00E5F1B8 /* Doxyfile */,
				4DA82DA10CD12FD9000056AE /* kadc.ini */,
			);
			name = Resources;
			sourceTree = "<group>";
		};
/* End PBXGroup section */

/* Begin PBXHeadersBuildPhase section */
		D2AAC0600554660B00DB518D /* Headers */ = {
			isa = PBXHeadersBuildPhase;
			buildActionMask = 2147483647;
			files = (
				4D423C2A0CE76EA80025D375 /* utils.h in Headers */,
			);
			runOnlyForDeploymentPostprocessing = 0;
		};
/* End PBXHeadersBuildPhase section */

/* Begin PBXNativeTarget section */
		4D2E57780CCF45A00095A3C3 /* Test */ = {
			isa = PBXNativeTarget;
			buildConfigurationList = 4D2E57840CCF45DC0095A3C3 /* Build configuration list for PBXNativeTarget "Test" */;
			buildPhases = (
				4D2E57760CCF45A00095A3C3 /* Sources */,
				4D2E57770CCF45A00095A3C3 /* Frameworks */,
				4DA82DA80CD12FED000056AE /* CopyFiles */,
			);
			buildRules = (
			);
			dependencies = (
				4D2E577F0CCF45AC0095A3C3 /* PBXTargetDependency */,
			);
			name = Test;
			productName = Test;
			productReference = 4D2E57790CCF45A00095A3C3 /* Test */;
			productType = "com.apple.product-type.tool";
		};
		D2AAC0620554660B00DB518D /* KadC */ = {
			isa = PBXNativeTarget;
			buildConfigurationList = 1DEB914A08733D8E0010E9CD /* Build configuration list for PBXNativeTarget "KadC" */;
			buildPhases = (
				D2AAC0600554660B00DB518D /* Headers */,
				D2AAC0610554660B00DB518D /* Sources */,
				D289988505E68E00004EDB86 /* Frameworks */,
			);
			buildRules = (
			);
			dependencies = (
			);
			name = KadC;
			productName = KadC;
			productReference = D2AAC0630554660B00DB518D /* libKadC.dylib */;
			productType = "com.apple.product-type.library.dynamic";
		};
/* End PBXNativeTarget section */

/* Begin PBXProject section */
		08FB7793FE84155DC02AAC07 /* Project object */ = {
			isa = PBXProject;
			buildConfigurationList = 1DEB914E08733D8E0010E9CD /* Build configuration list for PBXProject "KadC" */;
			compatibilityVersion = "Xcode 2.4";
			hasScannedForEncodings = 1;
			mainGroup = 08FB7794FE84155DC02AAC07 /* KadC */;
			projectDirPath = "";
			projectRoot = "";
			targets = (
				D2AAC0620554660B00DB518D /* KadC */,
				4D2E57780CCF45A00095A3C3 /* Test */,
			);
		};
/* End PBXProject section */

/* Begin PBXSourcesBuildPhase section */
		4D2E57760CCF45A00095A3C3 /* Sources */ = {
			isa = PBXSourcesBuildPhase;
			buildActionMask = 2147483647;
			files = (
				4D2E577D0CCF45A80095A3C3 /* overnet_client.c in Sources */,
			);
			runOnlyForDeploymentPostprocessing = 0;
		};
		D2AAC0610554660B00DB518D /* Sources */ = {
			isa = PBXSourcesBuildPhase;
			buildActionMask = 2147483647;
			files = (
				4D678B130CCE768E001E27C2 /* int128.c in Sources */,
				4D678B1F0CCE768E001E27C2 /* dht.c in Sources */,
				4D2E57010CCF42A60095A3C3 /* rbt.c in Sources */,
				4D2E57040CCF42B70095A3C3 /* logging.c in Sources */,
				4D2E5D240CCF8C9D0095A3C3 /* net.c in Sources */,
				4D2E5D260CCF8CAA0095A3C3 /* queue.c in Sources */,
				4DA82ADE0CD114A0000056AE /* inifiles.c in Sources */,
				4D4286DD0CD214150082574E /* bufio.c in Sources */,
				4D423C290CE76EA80025D375 /* utils.c in Sources */,
			);
			runOnlyForDeploymentPostprocessing = 0;
		};
/* End PBXSourcesBuildPhase section */

/* Begin PBXTargetDependency section */
		4D2E577F0CCF45AC0095A3C3 /* PBXTargetDependency */ = {
			isa = PBXTargetDependency;
			target = D2AAC0620554660B00DB518D /* KadC */;
			targetProxy = 4D2E577E0CCF45AC0095A3C3 /* PBXContainerItemProxy */;
		};
/* End PBXTargetDependency section */

/* Begin XCBuildConfiguration section */
		1DEB914B08733D8E0010E9CD /* Debug */ = {
			isa = XCBuildConfiguration;
			buildSettings = {
				COPY_PHASE_STRIP = NO;
				EXECUTABLE_PREFIX = lib;
				GCC_DYNAMIC_NO_PIC = NO;
				GCC_ENABLE_FIX_AND_CONTINUE = YES;
				GCC_MODEL_TUNING = G5;
				GCC_OPTIMIZATION_LEVEL = 0;
				INSTALL_PATH = /usr/local/lib;
				PRODUCT_NAME = KadC;
				ZERO_LINK = YES;
			};
			name = Debug;
		};
		1DEB914C08733D8E0010E9CD /* Release */ = {
			isa = XCBuildConfiguration;
			buildSettings = {
				ARCHS = (
					ppc,
					i386,
				);
				EXECUTABLE_PREFIX = lib;
				GCC_GENERATE_DEBUGGING_SYMBOLS = NO;
				GCC_MODEL_TUNING = G5;
				INSTALL_PATH = /usr/local/lib;
				PRODUCT_NAME = KadC;
			};
			name = Release;
		};
		1DEB914F08733D8E0010E9CD /* Debug */ = {
			isa = XCBuildConfiguration;
			buildSettings = {
				GCC_OPTIMIZATION_LEVEL = 0;
				GCC_PREPROCESSOR_DEFINITIONS = (
					"DEBUG=1",
					"VERBOSE_DEBUG=1",
				);
				GCC_WARN_ABOUT_RETURN_TYPE = YES;
				GCC_WARN_UNUSED_VARIABLE = YES;
				PREBINDING = NO;
				SDKROOT = /Developer/SDKs/MacOSX10.4u.sdk;
				WARNING_CFLAGS = "-Wall";
			};
			name = Debug;
		};
		1DEB915008733D8E0010E9CD /* Release */ = {
			isa = XCBuildConfiguration;
			buildSettings = {
				GCC_WARN_ABOUT_RETURN_TYPE = YES;
				GCC_WARN_UNUSED_VARIABLE = YES;
				PREBINDING = NO;
				SDKROOT = /Developer/SDKs/MacOSX10.4u.sdk;
			};
			name = Release;
		};
		4D2E57850CCF45DC0095A3C3 /* Debug */ = {
			isa = XCBuildConfiguration;
			buildSettings = {
				COPY_PHASE_STRIP = NO;
				GCC_DYNAMIC_NO_PIC = NO;
				GCC_ENABLE_FIX_AND_CONTINUE = YES;
				GCC_GENERATE_DEBUGGING_SYMBOLS = YES;
				GCC_MODEL_TUNING = G5;
				GCC_OPTIMIZATION_LEVEL = 0;
				INSTALL_PATH = "$(HOME)/bin";
				PREBINDING = NO;
				PRODUCT_NAME = Test;
				ZERO_LINK = YES;
			};
			name = Debug;
		};
		4D2E57860CCF45DC0095A3C3 /* Release */ = {
			isa = XCBuildConfiguration;
			buildSettings = {
				ARCHS = (
					i386,
					ppc,
				);
				COPY_PHASE_STRIP = YES;
				GCC_ENABLE_FIX_AND_CONTINUE = NO;
				GCC_GENERATE_DEBUGGING_SYMBOLS = NO;
				GCC_MODEL_TUNING = G5;
				INSTALL_PATH = "$(HOME)/bin";
				PREBINDING = NO;
				PRODUCT_NAME = Test;
				ZERO_LINK = NO;
			};
			name = Release;
		};
/* End XCBuildConfiguration section */

/* Begin XCConfigurationList section */
		1DEB914A08733D8E0010E9CD /* Build configuration list for PBXNativeTarget "KadC" */ = {
			isa = XCConfigurationList;
			buildConfigurations = (
				1DEB914B08733D8E0010E9CD /* Debug */,
				1DEB914C08733D8E0010E9CD /* Release */,
			);
			defaultConfigurationIsVisible = 0;
			defaultConfigurationName = Release;
		};
		1DEB914E08733D8E0010E9CD /* Build configuration list for PBXProject "KadC" */ = {
			isa = XCConfigurationList;
			buildConfigurations = (
				1DEB914F08733D8E0010E9CD /* Debug */,
				1DEB915008733D8E0010E9CD /* Release */,
			);
			defaultConfigurationIsVisible = 0;
			defaultConfigurationName = Release;
		};
		4D2E57840CCF45DC0095A3C3 /* Build configuration list for PBXNativeTarget "Test" */ = {
			isa = XCConfigurationList;
			buildConfigurations = (
				4D2E57850CCF45DC0095A3C3 /* Debug */,
				4D2E57860CCF45DC0095A3C3 /* Release */,
			);
			defaultConfigurationIsVisible = 0;
			defaultConfigurationName = Release;
		};
/* End XCConfigurationList section */
	};
	rootObject = 08FB7793FE84155DC02AAC07 /* Project object */;
}
