// !$*UTF8*$!
{
	archiveVersion = 1;
	classes = {
	};
	objectVersion = 42;
	objects = {

/* Begin PBXBuildFile section */
		4D05EB0A0D646A1500E7E241 /* message.h in Headers */ = {isa = PBXBuildFile; fileRef = 4D05EB080D646A1500E7E241 /* message.h */; };
		4D05EB0B0D646A1500E7E241 /* message.c in Sources */ = {isa = PBXBuildFile; fileRef = 4D05EB090D646A1500E7E241 /* message.c */; };
		4D05EB0E0D646ACB00E7E241 /* contact.h in Headers */ = {isa = PBXBuildFile; fileRef = 4D05EB0C0D646ACB00E7E241 /* contact.h */; };
		4D05EB0F0D646ACB00E7E241 /* contact.c in Sources */ = {isa = PBXBuildFile; fileRef = 4D05EB0D0D646ACB00E7E241 /* contact.c */; };
		4D0A41F20DE2EE3700EA478D /* buffer.h in Headers */ = {isa = PBXBuildFile; fileRef = 4D0A41D30DE2EB2E00EA478D /* buffer.h */; };
		4D0A41F30DE2EE3800EA478D /* bufferevent.h in Headers */ = {isa = PBXBuildFile; fileRef = 4D0A41D40DE2EB2E00EA478D /* bufferevent.h */; };
		4D0A41F40DE2EE3800EA478D /* bufferevent_struct.h in Headers */ = {isa = PBXBuildFile; fileRef = 4D0A41D50DE2EB2E00EA478D /* bufferevent_struct.h */; };
		4D0A41F50DE2EE3900EA478D /* event.h in Headers */ = {isa = PBXBuildFile; fileRef = 4D0A41D60DE2EB2E00EA478D /* event.h */; };
		4D0A41F60DE2EE3900EA478D /* event_compat.h in Headers */ = {isa = PBXBuildFile; fileRef = 4D0A41D70DE2EB2E00EA478D /* event_compat.h */; };
		4D0A41F70DE2EE3A00EA478D /* event_struct.h in Headers */ = {isa = PBXBuildFile; fileRef = 4D0A41D80DE2EB2E00EA478D /* event_struct.h */; };
		4D0A41F80DE2EE3A00EA478D /* http.h in Headers */ = {isa = PBXBuildFile; fileRef = 4D0A41D90DE2EB2E00EA478D /* http.h */; };
		4D0A41F90DE2EE3B00EA478D /* http_compat.h in Headers */ = {isa = PBXBuildFile; fileRef = 4D0A41DA0DE2EB2E00EA478D /* http_compat.h */; };
		4D0A41FA0DE2EE3C00EA478D /* http_struct.h in Headers */ = {isa = PBXBuildFile; fileRef = 4D0A41DB0DE2EB2E00EA478D /* http_struct.h */; };
		4D0A41FB0DE2EE3C00EA478D /* tag.h in Headers */ = {isa = PBXBuildFile; fileRef = 4D0A41DC0DE2EB2E00EA478D /* tag.h */; };
		4D0A41FC0DE2EE3D00EA478D /* thread.h in Headers */ = {isa = PBXBuildFile; fileRef = 4D0A41DD0DE2EB2E00EA478D /* thread.h */; };
		4D0A41FD0DE2EE3D00EA478D /* util.h in Headers */ = {isa = PBXBuildFile; fileRef = 4D0A41DE0DE2EB2E00EA478D /* util.h */; };
		4D0A42190DE2F23800EA478D /* bufferevent-internal.h in Headers */ = {isa = PBXBuildFile; fileRef = 4D0A420F0DE2F23800EA478D /* bufferevent-internal.h */; };
		4D0A421A0DE2F23800EA478D /* bufferevent.c in Sources */ = {isa = PBXBuildFile; fileRef = 4D0A42100DE2F23800EA478D /* bufferevent.c */; };
		4D0A421B0DE2F23800EA478D /* config.h in Headers */ = {isa = PBXBuildFile; fileRef = 4D0A42110DE2F23800EA478D /* config.h */; };
		4D0A421F0DE2F23800EA478D /* evbuffer-internal.h in Headers */ = {isa = PBXBuildFile; fileRef = 4D0A42150DE2F23800EA478D /* evbuffer-internal.h */; };
		4D0A42210DE2F23800EA478D /* evthread-internal.h in Headers */ = {isa = PBXBuildFile; fileRef = 4D0A42170DE2F23800EA478D /* evthread-internal.h */; };
		4D2E57010CCF42A60095A3C3 /* rbt.c in Sources */ = {isa = PBXBuildFile; fileRef = 4D678B010CCE768E001E27C2 /* rbt.c */; };
		4D2E57040CCF42B70095A3C3 /* logging.c in Sources */ = {isa = PBXBuildFile; fileRef = 4D678AE90CCE768E001E27C2 /* logging.c */; };
		4D2E577D0CCF45A80095A3C3 /* overnet_client.c in Sources */ = {isa = PBXBuildFile; fileRef = 4D2E570A0CCF42CD0095A3C3 /* overnet_client.c */; };
		4D2E57800CCF45B10095A3C3 /* libKadC.dylib in Frameworks */ = {isa = PBXBuildFile; fileRef = D2AAC0630554660B00DB518D /* libKadC.dylib */; };
		4D423C290CE76EA80025D375 /* utils.c in Sources */ = {isa = PBXBuildFile; fileRef = 4D423C270CE76EA80025D375 /* utils.c */; };
		4D423C2A0CE76EA80025D375 /* utils.h in Headers */ = {isa = PBXBuildFile; fileRef = 4D423C280CE76EA80025D375 /* utils.h */; settings = {ATTRIBUTES = (Public, ); }; };
		4D4286DD0CD214150082574E /* bufio.c in Sources */ = {isa = PBXBuildFile; fileRef = 4D678AD70CCE768E001E27C2 /* bufio.c */; };
		4D479A420DDDBE4E00DA8E42 /* session.h in Headers */ = {isa = PBXBuildFile; fileRef = 4D479A400DDDBE4E00DA8E42 /* session.h */; };
		4D479A430DDDBE4E00DA8E42 /* session.c in Sources */ = {isa = PBXBuildFile; fileRef = 4D479A410DDDBE4E00DA8E42 /* session.c */; };
		4D57863C0D3E3AC400FCE31F /* queue.c in Sources */ = {isa = PBXBuildFile; fileRef = 4D678AFF0CCE768E001E27C2 /* queue.c */; };
		4D5786CD0D3E4FD800FCE31F /* overnet.h in Headers */ = {isa = PBXBuildFile; fileRef = 4D5786CB0D3E4FD800FCE31F /* overnet.h */; settings = {ATTRIBUTES = (Public, ); }; };
		4D5786CE0D3E4FD800FCE31F /* overnet.c in Sources */ = {isa = PBXBuildFile; fileRef = 4D5786CC0D3E4FD800FCE31F /* overnet.c */; };
		4D5786DE0D3E501D00FCE31F /* rbt.h in Headers */ = {isa = PBXBuildFile; fileRef = 4D678B020CCE768E001E27C2 /* rbt.h */; settings = {ATTRIBUTES = (Public, ); }; };
		4D5786DF0D3E501E00FCE31F /* queue.h in Headers */ = {isa = PBXBuildFile; fileRef = 4D678B000CCE768E001E27C2 /* queue.h */; settings = {ATTRIBUTES = (Public, ); }; };
		4D5786E00D3E501F00FCE31F /* net.h in Headers */ = {isa = PBXBuildFile; fileRef = 4D678AF80CCE768E001E27C2 /* net.h */; settings = {ATTRIBUTES = (Public, ); }; };
		4D5786E10D3E502000FCE31F /* logging.h in Headers */ = {isa = PBXBuildFile; fileRef = 4D678AEA0CCE768E001E27C2 /* logging.h */; settings = {ATTRIBUTES = (Public, ); }; };
		4D5786E30D3E502300FCE31F /* hash.h in Headers */ = {isa = PBXBuildFile; fileRef = 4D678AE40CCE768E001E27C2 /* hash.h */; settings = {ATTRIBUTES = (Public, ); }; };
		4D5786E40D3E502400FCE31F /* inifiles.c in Sources */ = {isa = PBXBuildFile; fileRef = 4D678AE10CCE768E001E27C2 /* inifiles.c */; };
		4D5786E50D3E502500FCE31F /* inifiles.h in Headers */ = {isa = PBXBuildFile; fileRef = 4D678AE20CCE768E001E27C2 /* inifiles.h */; settings = {ATTRIBUTES = (Public, ); }; };
		4D5786E60D3E502500FCE31F /* dht.h in Headers */ = {isa = PBXBuildFile; fileRef = 4D678AF00CCE768E001E27C2 /* dht.h */; settings = {ATTRIBUTES = (Public, ); }; };
		4D5786E70D3E502600FCE31F /* bufio.h in Headers */ = {isa = PBXBuildFile; fileRef = 4D678AD80CCE768E001E27C2 /* bufio.h */; settings = {ATTRIBUTES = (Public, ); }; };
		4D5787110D3E53C700FCE31F /* kadc.h in Headers */ = {isa = PBXBuildFile; fileRef = 4D5787100D3E53C700FCE31F /* kadc.h */; settings = {ATTRIBUTES = (Public, ); }; };
		4D5787130D3E544200FCE31F /* overnet_opcodes.h in Headers */ = {isa = PBXBuildFile; fileRef = 4D678AF90CCE768E001E27C2 /* overnet_opcodes.h */; settings = {ATTRIBUTES = (Public, ); }; };
		4D678B130CCE768E001E27C2 /* hash.c in Sources */ = {isa = PBXBuildFile; fileRef = 4D678AE30CCE768E001E27C2 /* hash.c */; };
		4D678B1F0CCE768E001E27C2 /* dht.c in Sources */ = {isa = PBXBuildFile; fileRef = 4D678AEF0CCE768E001E27C2 /* dht.c */; };
		4D6859150D6318990053AB8A /* internal.h in Headers */ = {isa = PBXBuildFile; fileRef = 4D6859130D6318990053AB8A /* internal.h */; };
		4D6859160D6318990053AB8A /* internal.c in Sources */ = {isa = PBXBuildFile; fileRef = 4D6859140D6318990053AB8A /* internal.c */; };
		4D6BBE360D65DF1A00BA42D5 /* net.c in Sources */ = {isa = PBXBuildFile; fileRef = 4D678AF70CCE768E001E27C2 /* net.c */; };
		4DAEAA350DDCCDFA001C6E8F /* log.h in Headers */ = {isa = PBXBuildFile; fileRef = 4DAEAA160DDCCDFA001C6E8F /* log.h */; };
		4DAEAA360DDCCDFA001C6E8F /* poll.c in Sources */ = {isa = PBXBuildFile; fileRef = 4DAEAA170DDCCDFA001C6E8F /* poll.c */; };
		4DAEAA370DDCCDFA001C6E8F /* evrpc.c in Sources */ = {isa = PBXBuildFile; fileRef = 4DAEAA180DDCCDFA001C6E8F /* evrpc.c */; };
		4DAEAA380DDCCDFA001C6E8F /* buffer.c in Sources */ = {isa = PBXBuildFile; fileRef = 4DAEAA190DDCCDFA001C6E8F /* buffer.c */; };
		4DAEAA390DDCCDFA001C6E8F /* event-config.h in Headers */ = {isa = PBXBuildFile; fileRef = 4DAEAA1A0DDCCDFA001C6E8F /* event-config.h */; };
		4DAEAA3A0DDCCDFA001C6E8F /* http.c in Sources */ = {isa = PBXBuildFile; fileRef = 4DAEAA1B0DDCCDFA001C6E8F /* http.c */; };
		4DAEAA3B0DDCCDFA001C6E8F /* http-internal.h in Headers */ = {isa = PBXBuildFile; fileRef = 4DAEAA1C0DDCCDFA001C6E8F /* http-internal.h */; };
		4DAEAA3C0DDCCDFA001C6E8F /* kqueue.c in Sources */ = {isa = PBXBuildFile; fileRef = 4DAEAA1D0DDCCDFA001C6E8F /* kqueue.c */; };
		4DAEAA3D0DDCCDFA001C6E8F /* evutil.c in Sources */ = {isa = PBXBuildFile; fileRef = 4DAEAA1E0DDCCDFA001C6E8F /* evutil.c */; };
		4DAEAA3E0DDCCDFA001C6E8F /* evutil.h in Headers */ = {isa = PBXBuildFile; fileRef = 4DAEAA1F0DDCCDFA001C6E8F /* evutil.h */; };
		4DAEAA3F0DDCCDFA001C6E8F /* evrpc-internal.h in Headers */ = {isa = PBXBuildFile; fileRef = 4DAEAA200DDCCDFA001C6E8F /* evrpc-internal.h */; };
		4DAEAA400DDCCDFA001C6E8F /* evrpc.h in Headers */ = {isa = PBXBuildFile; fileRef = 4DAEAA210DDCCDFA001C6E8F /* evrpc.h */; };
		4DAEAA410DDCCDFA001C6E8F /* min_heap.h in Headers */ = {isa = PBXBuildFile; fileRef = 4DAEAA220DDCCDFA001C6E8F /* min_heap.h */; };
		4DAEAA420DDCCDFA001C6E8F /* event_tagging.c in Sources */ = {isa = PBXBuildFile; fileRef = 4DAEAA230DDCCDFA001C6E8F /* event_tagging.c */; };
		4DAEAA450DDCCDFA001C6E8F /* event-internal.h in Headers */ = {isa = PBXBuildFile; fileRef = 4DAEAA260DDCCDFA001C6E8F /* event-internal.h */; };
		4DAEAA460DDCCDFA001C6E8F /* evhttp.h in Headers */ = {isa = PBXBuildFile; fileRef = 4DAEAA270DDCCDFA001C6E8F /* evhttp.h */; };
		4DAEAA480DDCCDFA001C6E8F /* evsignal.h in Headers */ = {isa = PBXBuildFile; fileRef = 4DAEAA290DDCCDFA001C6E8F /* evsignal.h */; };
		4DAEAA490DDCCDFA001C6E8F /* evdns.c in Sources */ = {isa = PBXBuildFile; fileRef = 4DAEAA2A0DDCCDFA001C6E8F /* evdns.c */; };
		4DAEAA4A0DDCCDFA001C6E8F /* evdns.h in Headers */ = {isa = PBXBuildFile; fileRef = 4DAEAA2B0DDCCDFA001C6E8F /* evdns.h */; };
		4DAEAA4B0DDCCDFA001C6E8F /* log.c in Sources */ = {isa = PBXBuildFile; fileRef = 4DAEAA2C0DDCCDFA001C6E8F /* log.c */; };
		4DAEAA4C0DDCCDFA001C6E8F /* event.h in Headers */ = {isa = PBXBuildFile; fileRef = 4DAEAA2D0DDCCDFA001C6E8F /* event.h */; };
		4DAEAA4D0DDCCDFA001C6E8F /* event.c in Sources */ = {isa = PBXBuildFile; fileRef = 4DAEAA2E0DDCCDFA001C6E8F /* event.c */; };
		4DAEAA4E0DDCCDFA001C6E8F /* strlcpy.c in Sources */ = {isa = PBXBuildFile; fileRef = 4DAEAA2F0DDCCDFA001C6E8F /* strlcpy.c */; };
		4DAEAA4F0DDCCDFA001C6E8F /* strlcpy-internal.h in Headers */ = {isa = PBXBuildFile; fileRef = 4DAEAA300DDCCDFA001C6E8F /* strlcpy-internal.h */; };
		4DAEAA500DDCCDFA001C6E8F /* signal.c in Sources */ = {isa = PBXBuildFile; fileRef = 4DAEAA310DDCCDFA001C6E8F /* signal.c */; };
		4DAEAA510DDCCDFA001C6E8F /* select.c in Sources */ = {isa = PBXBuildFile; fileRef = 4DAEAA320DDCCDFA001C6E8F /* select.c */; };
		4DAEAA610DDCCED1001C6E8F /* libevent.dylib in Frameworks */ = {isa = PBXBuildFile; fileRef = 4DAEAA0B0DDCCDAE001C6E8F /* libevent.dylib */; };
/* End PBXBuildFile section */

/* Begin PBXContainerItemProxy section */
		4D2E577E0CCF45AC0095A3C3 /* PBXContainerItemProxy */ = {
			isa = PBXContainerItemProxy;
			containerPortal = 08FB7793FE84155DC02AAC07 /* Project object */;
			proxyType = 1;
			remoteGlobalIDString = D2AAC0620554660B00DB518D;
			remoteInfo = KadC;
		};
		4DAEAA5F0DDCCEC8001C6E8F /* PBXContainerItemProxy */ = {
			isa = PBXContainerItemProxy;
			containerPortal = 08FB7793FE84155DC02AAC07 /* Project object */;
			proxyType = 1;
			remoteGlobalIDString = 4DAEAA0A0DDCCDAE001C6E8F;
			remoteInfo = event;
		};
/* End PBXContainerItemProxy section */

/* Begin PBXCopyFilesBuildPhase section */
		4DA82DA80CD12FED000056AE /* CopyFiles */ = {
			isa = PBXCopyFilesBuildPhase;
			buildActionMask = 2147483647;
			dstPath = "";
			dstSubfolderSpec = 16;
			files = (
			);
			runOnlyForDeploymentPostprocessing = 0;
		};
/* End PBXCopyFilesBuildPhase section */

/* Begin PBXFileReference section */
		4D05EB080D646A1500E7E241 /* message.h */ = {isa = PBXFileReference; fileEncoding = 4; lastKnownFileType = sourcecode.c.h; path = message.h; sourceTree = "<group>"; };
		4D05EB090D646A1500E7E241 /* message.c */ = {isa = PBXFileReference; fileEncoding = 4; lastKnownFileType = sourcecode.c.c; path = message.c; sourceTree = "<group>"; };
		4D05EB0C0D646ACB00E7E241 /* contact.h */ = {isa = PBXFileReference; fileEncoding = 4; lastKnownFileType = sourcecode.c.h; path = contact.h; sourceTree = "<group>"; };
		4D05EB0D0D646ACB00E7E241 /* contact.c */ = {isa = PBXFileReference; fileEncoding = 4; lastKnownFileType = sourcecode.c.c; path = contact.c; sourceTree = "<group>"; };
		4D0A41D30DE2EB2E00EA478D /* buffer.h */ = {isa = PBXFileReference; fileEncoding = 4; lastKnownFileType = sourcecode.c.h; path = buffer.h; sourceTree = "<group>"; };
		4D0A41D40DE2EB2E00EA478D /* bufferevent.h */ = {isa = PBXFileReference; fileEncoding = 4; lastKnownFileType = sourcecode.c.h; path = bufferevent.h; sourceTree = "<group>"; };
		4D0A41D50DE2EB2E00EA478D /* bufferevent_struct.h */ = {isa = PBXFileReference; fileEncoding = 4; lastKnownFileType = sourcecode.c.h; path = bufferevent_struct.h; sourceTree = "<group>"; };
		4D0A41D60DE2EB2E00EA478D /* event.h */ = {isa = PBXFileReference; fileEncoding = 4; lastKnownFileType = sourcecode.c.h; path = event.h; sourceTree = "<group>"; };
		4D0A41D70DE2EB2E00EA478D /* event_compat.h */ = {isa = PBXFileReference; fileEncoding = 4; lastKnownFileType = sourcecode.c.h; path = event_compat.h; sourceTree = "<group>"; };
		4D0A41D80DE2EB2E00EA478D /* event_struct.h */ = {isa = PBXFileReference; fileEncoding = 4; lastKnownFileType = sourcecode.c.h; path = event_struct.h; sourceTree = "<group>"; };
		4D0A41D90DE2EB2E00EA478D /* http.h */ = {isa = PBXFileReference; fileEncoding = 4; lastKnownFileType = sourcecode.c.h; path = http.h; sourceTree = "<group>"; };
		4D0A41DA0DE2EB2E00EA478D /* http_compat.h */ = {isa = PBXFileReference; fileEncoding = 4; lastKnownFileType = sourcecode.c.h; path = http_compat.h; sourceTree = "<group>"; };
		4D0A41DB0DE2EB2E00EA478D /* http_struct.h */ = {isa = PBXFileReference; fileEncoding = 4; lastKnownFileType = sourcecode.c.h; path = http_struct.h; sourceTree = "<group>"; };
		4D0A41DC0DE2EB2E00EA478D /* tag.h */ = {isa = PBXFileReference; fileEncoding = 4; lastKnownFileType = sourcecode.c.h; path = tag.h; sourceTree = "<group>"; };
		4D0A41DD0DE2EB2E00EA478D /* thread.h */ = {isa = PBXFileReference; fileEncoding = 4; lastKnownFileType = sourcecode.c.h; path = thread.h; sourceTree = "<group>"; };
		4D0A41DE0DE2EB2E00EA478D /* util.h */ = {isa = PBXFileReference; fileEncoding = 4; lastKnownFileType = sourcecode.c.h; path = util.h; sourceTree = "<group>"; };
		4D0A420F0DE2F23800EA478D /* bufferevent-internal.h */ = {isa = PBXFileReference; fileEncoding = 4; lastKnownFileType = sourcecode.c.h; name = "bufferevent-internal.h"; path = "third-party/libevent/bufferevent-internal.h"; sourceTree = "<group>"; };
		4D0A42100DE2F23800EA478D /* bufferevent.c */ = {isa = PBXFileReference; fileEncoding = 4; lastKnownFileType = sourcecode.c.c; name = bufferevent.c; path = "third-party/libevent/bufferevent.c"; sourceTree = "<group>"; };
		4D0A42110DE2F23800EA478D /* config.h */ = {isa = PBXFileReference; fileEncoding = 4; lastKnownFileType = sourcecode.c.h; name = config.h; path = "third-party/libevent/config.h"; sourceTree = "<group>"; };
		4D0A42150DE2F23800EA478D /* evbuffer-internal.h */ = {isa = PBXFileReference; fileEncoding = 4; lastKnownFileType = sourcecode.c.h; name = "evbuffer-internal.h"; path = "third-party/libevent/evbuffer-internal.h"; sourceTree = "<group>"; };
		4D0A42170DE2F23800EA478D /* evthread-internal.h */ = {isa = PBXFileReference; fileEncoding = 4; lastKnownFileType = sourcecode.c.h; name = "evthread-internal.h"; path = "third-party/libevent/evthread-internal.h"; sourceTree = "<group>"; };
		4D2E570A0CCF42CD0095A3C3 /* overnet_client.c */ = {isa = PBXFileReference; fileEncoding = 4; lastKnownFileType = sourcecode.c.c; name = overnet_client.c; path = clients/overnet_client.c; sourceTree = "<group>"; };
		4D2E57790CCF45A00095A3C3 /* Test */ = {isa = PBXFileReference; explicitFileType = "compiled.mach-o.executable"; includeInIndex = 0; path = Test; sourceTree = BUILT_PRODUCTS_DIR; };
		4D423C270CE76EA80025D375 /* utils.c */ = {isa = PBXFileReference; fileEncoding = 4; lastKnownFileType = sourcecode.c.c; path = utils.c; sourceTree = "<group>"; };
		4D423C280CE76EA80025D375 /* utils.h */ = {isa = PBXFileReference; fileEncoding = 4; lastKnownFileType = sourcecode.c.h; path = utils.h; sourceTree = "<group>"; };
		4D479A400DDDBE4E00DA8E42 /* session.h */ = {isa = PBXFileReference; fileEncoding = 4; lastKnownFileType = sourcecode.c.h; path = session.h; sourceTree = "<group>"; };
		4D479A410DDDBE4E00DA8E42 /* session.c */ = {isa = PBXFileReference; fileEncoding = 4; lastKnownFileType = sourcecode.c.c; path = session.c; sourceTree = "<group>"; };
		4D5785EA0D3E320700FCE31F /* kadc.pch */ = {isa = PBXFileReference; fileEncoding = 4; lastKnownFileType = sourcecode.c.h; path = kadc.pch; sourceTree = "<group>"; };
		4D5786CB0D3E4FD800FCE31F /* overnet.h */ = {isa = PBXFileReference; fileEncoding = 4; lastKnownFileType = sourcecode.c.h; path = overnet.h; sourceTree = "<group>"; };
		4D5786CC0D3E4FD800FCE31F /* overnet.c */ = {isa = PBXFileReference; fileEncoding = 4; lastKnownFileType = sourcecode.c.c; path = overnet.c; sourceTree = "<group>"; };
		4D5787100D3E53C700FCE31F /* kadc.h */ = {isa = PBXFileReference; fileEncoding = 4; lastKnownFileType = sourcecode.c.h; path = kadc.h; sourceTree = "<group>"; };
		4D678AD70CCE768E001E27C2 /* bufio.c */ = {isa = PBXFileReference; fileEncoding = 30; lastKnownFileType = sourcecode.c.c; path = bufio.c; sourceTree = "<group>"; };
		4D678AD80CCE768E001E27C2 /* bufio.h */ = {isa = PBXFileReference; fileEncoding = 30; lastKnownFileType = sourcecode.c.h; path = bufio.h; sourceTree = "<group>"; };
		4D678AE10CCE768E001E27C2 /* inifiles.c */ = {isa = PBXFileReference; fileEncoding = 30; lastKnownFileType = sourcecode.c.c; path = inifiles.c; sourceTree = "<group>"; };
		4D678AE20CCE768E001E27C2 /* inifiles.h */ = {isa = PBXFileReference; fileEncoding = 30; lastKnownFileType = sourcecode.c.h; path = inifiles.h; sourceTree = "<group>"; };
		4D678AE30CCE768E001E27C2 /* hash.c */ = {isa = PBXFileReference; fileEncoding = 30; lastKnownFileType = sourcecode.c.c; path = hash.c; sourceTree = "<group>"; };
		4D678AE40CCE768E001E27C2 /* hash.h */ = {isa = PBXFileReference; fileEncoding = 30; lastKnownFileType = sourcecode.c.h; path = hash.h; sourceTree = "<group>"; };
		4D678AE90CCE768E001E27C2 /* logging.c */ = {isa = PBXFileReference; fileEncoding = 30; lastKnownFileType = sourcecode.c.c; path = logging.c; sourceTree = "<group>"; };
		4D678AEA0CCE768E001E27C2 /* logging.h */ = {isa = PBXFileReference; fileEncoding = 30; lastKnownFileType = sourcecode.c.h; lineEnding = 0; path = logging.h; sourceTree = "<group>"; };
		4D678AEF0CCE768E001E27C2 /* dht.c */ = {isa = PBXFileReference; fileEncoding = 30; lastKnownFileType = sourcecode.c.c; path = dht.c; sourceTree = "<group>"; };
		4D678AF00CCE768E001E27C2 /* dht.h */ = {isa = PBXFileReference; fileEncoding = 30; lastKnownFileType = sourcecode.c.h; path = dht.h; sourceTree = "<group>"; };
		4D678AF70CCE768E001E27C2 /* net.c */ = {isa = PBXFileReference; fileEncoding = 30; lastKnownFileType = sourcecode.c.c; path = net.c; sourceTree = "<group>"; };
		4D678AF80CCE768E001E27C2 /* net.h */ = {isa = PBXFileReference; fileEncoding = 30; lastKnownFileType = sourcecode.c.h; path = net.h; sourceTree = "<group>"; };
		4D678AF90CCE768E001E27C2 /* overnet_opcodes.h */ = {isa = PBXFileReference; fileEncoding = 30; lastKnownFileType = sourcecode.c.h; name = overnet_opcodes.h; path = ../clients/overnet_opcodes.h; sourceTree = "<group>"; };
		4D678AFF0CCE768E001E27C2 /* queue.c */ = {isa = PBXFileReference; fileEncoding = 30; lastKnownFileType = sourcecode.c.c; path = queue.c; sourceTree = "<group>"; };
		4D678B000CCE768E001E27C2 /* queue.h */ = {isa = PBXFileReference; fileEncoding = 30; lastKnownFileType = sourcecode.c.h; path = queue.h; sourceTree = "<group>"; };
		4D678B010CCE768E001E27C2 /* rbt.c */ = {isa = PBXFileReference; fileEncoding = 30; lastKnownFileType = sourcecode.c.c; path = rbt.c; sourceTree = "<group>"; };
		4D678B020CCE768E001E27C2 /* rbt.h */ = {isa = PBXFileReference; fileEncoding = 30; lastKnownFileType = sourcecode.c.h; path = rbt.h; sourceTree = "<group>"; };
		4D6859130D6318990053AB8A /* internal.h */ = {isa = PBXFileReference; fileEncoding = 4; lastKnownFileType = sourcecode.c.h; path = internal.h; sourceTree = "<group>"; };
		4D6859140D6318990053AB8A /* internal.c */ = {isa = PBXFileReference; fileEncoding = 4; lastKnownFileType = sourcecode.c.c; path = internal.c; sourceTree = "<group>"; };
		4DA82DA10CD12FD9000056AE /* kadc.ini */ = {isa = PBXFileReference; fileEncoding = 30; lastKnownFileType = text; path = kadc.ini; sourceTree = "<group>"; };
		4DAEAA0B0DDCCDAE001C6E8F /* libevent.dylib */ = {isa = PBXFileReference; explicitFileType = "compiled.mach-o.dylib"; includeInIndex = 0; path = libevent.dylib; sourceTree = BUILT_PRODUCTS_DIR; };
		4DAEAA160DDCCDFA001C6E8F /* log.h */ = {isa = PBXFileReference; fileEncoding = 4; lastKnownFileType = sourcecode.c.h; name = log.h; path = "third-party/libevent/log.h"; sourceTree = "<group>"; };
		4DAEAA170DDCCDFA001C6E8F /* poll.c */ = {isa = PBXFileReference; fileEncoding = 4; lastKnownFileType = sourcecode.c.c; name = poll.c; path = "third-party/libevent/poll.c"; sourceTree = "<group>"; };
		4DAEAA180DDCCDFA001C6E8F /* evrpc.c */ = {isa = PBXFileReference; fileEncoding = 4; lastKnownFileType = sourcecode.c.c; name = evrpc.c; path = "third-party/libevent/evrpc.c"; sourceTree = "<group>"; };
		4DAEAA190DDCCDFA001C6E8F /* buffer.c */ = {isa = PBXFileReference; fileEncoding = 4; lastKnownFileType = sourcecode.c.c; name = buffer.c; path = "third-party/libevent/buffer.c"; sourceTree = "<group>"; };
		4DAEAA1A0DDCCDFA001C6E8F /* event-config.h */ = {isa = PBXFileReference; fileEncoding = 4; lastKnownFileType = sourcecode.c.h; name = "event-config.h"; path = "third-party/libevent/event-config.h"; sourceTree = "<group>"; };
		4DAEAA1B0DDCCDFA001C6E8F /* http.c */ = {isa = PBXFileReference; fileEncoding = 4; lastKnownFileType = sourcecode.c.c; name = http.c; path = "third-party/libevent/http.c"; sourceTree = "<group>"; };
		4DAEAA1C0DDCCDFA001C6E8F /* http-internal.h */ = {isa = PBXFileReference; fileEncoding = 4; lastKnownFileType = sourcecode.c.h; name = "http-internal.h"; path = "third-party/libevent/http-internal.h"; sourceTree = "<group>"; };
		4DAEAA1D0DDCCDFA001C6E8F /* kqueue.c */ = {isa = PBXFileReference; fileEncoding = 4; lastKnownFileType = sourcecode.c.c; name = kqueue.c; path = "third-party/libevent/kqueue.c"; sourceTree = "<group>"; };
		4DAEAA1E0DDCCDFA001C6E8F /* evutil.c */ = {isa = PBXFileReference; fileEncoding = 4; lastKnownFileType = sourcecode.c.c; name = evutil.c; path = "third-party/libevent/evutil.c"; sourceTree = "<group>"; };
		4DAEAA1F0DDCCDFA001C6E8F /* evutil.h */ = {isa = PBXFileReference; fileEncoding = 4; lastKnownFileType = sourcecode.c.h; name = evutil.h; path = "third-party/libevent/evutil.h"; sourceTree = "<group>"; };
		4DAEAA200DDCCDFA001C6E8F /* evrpc-internal.h */ = {isa = PBXFileReference; fileEncoding = 4; lastKnownFileType = sourcecode.c.h; name = "evrpc-internal.h"; path = "third-party/libevent/evrpc-internal.h"; sourceTree = "<group>"; };
		4DAEAA210DDCCDFA001C6E8F /* evrpc.h */ = {isa = PBXFileReference; fileEncoding = 4; lastKnownFileType = sourcecode.c.h; name = evrpc.h; path = "third-party/libevent/evrpc.h"; sourceTree = "<group>"; };
		4DAEAA220DDCCDFA001C6E8F /* min_heap.h */ = {isa = PBXFileReference; fileEncoding = 4; lastKnownFileType = sourcecode.c.h; name = min_heap.h; path = "third-party/libevent/min_heap.h"; sourceTree = "<group>"; };
		4DAEAA230DDCCDFA001C6E8F /* event_tagging.c */ = {isa = PBXFileReference; fileEncoding = 4; lastKnownFileType = sourcecode.c.c; name = event_tagging.c; path = "third-party/libevent/event_tagging.c"; sourceTree = "<group>"; };
		4DAEAA260DDCCDFA001C6E8F /* event-internal.h */ = {isa = PBXFileReference; fileEncoding = 4; lastKnownFileType = sourcecode.c.h; name = "event-internal.h"; path = "third-party/libevent/event-internal.h"; sourceTree = "<group>"; };
		4DAEAA270DDCCDFA001C6E8F /* evhttp.h */ = {isa = PBXFileReference; fileEncoding = 4; lastKnownFileType = sourcecode.c.h; name = evhttp.h; path = "third-party/libevent/evhttp.h"; sourceTree = "<group>"; };
		4DAEAA290DDCCDFA001C6E8F /* evsignal.h */ = {isa = PBXFileReference; fileEncoding = 4; lastKnownFileType = sourcecode.c.h; name = evsignal.h; path = "third-party/libevent/evsignal.h"; sourceTree = "<group>"; };
		4DAEAA2A0DDCCDFA001C6E8F /* evdns.c */ = {isa = PBXFileReference; fileEncoding = 4; lastKnownFileType = sourcecode.c.c; name = evdns.c; path = "third-party/libevent/evdns.c"; sourceTree = "<group>"; };
		4DAEAA2B0DDCCDFA001C6E8F /* evdns.h */ = {isa = PBXFileReference; fileEncoding = 4; lastKnownFileType = sourcecode.c.h; name = evdns.h; path = "third-party/libevent/evdns.h"; sourceTree = "<group>"; };
		4DAEAA2C0DDCCDFA001C6E8F /* log.c */ = {isa = PBXFileReference; fileEncoding = 4; lastKnownFileType = sourcecode.c.c; name = log.c; path = "third-party/libevent/log.c"; sourceTree = "<group>"; };
		4DAEAA2D0DDCCDFA001C6E8F /* event.h */ = {isa = PBXFileReference; fileEncoding = 4; lastKnownFileType = sourcecode.c.h; name = event.h; path = "third-party/libevent/event.h"; sourceTree = "<group>"; };
		4DAEAA2E0DDCCDFA001C6E8F /* event.c */ = {isa = PBXFileReference; fileEncoding = 4; lastKnownFileType = sourcecode.c.c; name = event.c; path = "third-party/libevent/event.c"; sourceTree = "<group>"; };
		4DAEAA2F0DDCCDFA001C6E8F /* strlcpy.c */ = {isa = PBXFileReference; fileEncoding = 4; lastKnownFileType = sourcecode.c.c; name = strlcpy.c; path = "third-party/libevent/strlcpy.c"; sourceTree = "<group>"; };
		4DAEAA300DDCCDFA001C6E8F /* strlcpy-internal.h */ = {isa = PBXFileReference; fileEncoding = 4; lastKnownFileType = sourcecode.c.h; name = "strlcpy-internal.h"; path = "third-party/libevent/strlcpy-internal.h"; sourceTree = "<group>"; };
		4DAEAA310DDCCDFA001C6E8F /* signal.c */ = {isa = PBXFileReference; fileEncoding = 4; lastKnownFileType = sourcecode.c.c; name = signal.c; path = "third-party/libevent/signal.c"; sourceTree = "<group>"; };
		4DAEAA320DDCCDFA001C6E8F /* select.c */ = {isa = PBXFileReference; fileEncoding = 4; lastKnownFileType = sourcecode.c.c; name = select.c; path = "third-party/libevent/select.c"; sourceTree = "<group>"; };
		4DF01A5A0CE88C2B00E5F1B8 /* Doxyfile */ = {isa = PBXFileReference; fileEncoding = 4; lastKnownFileType = text; path = Doxyfile; sourceTree = "<group>"; };
		D2AAC0630554660B00DB518D /* libKadC.dylib */ = {isa = PBXFileReference; explicitFileType = "compiled.mach-o.dylib"; includeInIndex = 0; path = libKadC.dylib; sourceTree = BUILT_PRODUCTS_DIR; };
/* End PBXFileReference section */

/* Begin PBXFrameworksBuildPhase section */
		4D2E57770CCF45A00095A3C3 /* Frameworks */ = {
			isa = PBXFrameworksBuildPhase;
			buildActionMask = 2147483647;
			files = (
				4D2E57800CCF45B10095A3C3 /* libKadC.dylib in Frameworks */,
			);
			runOnlyForDeploymentPostprocessing = 0;
		};
		4DAEAA090DDCCDAE001C6E8F /* Frameworks */ = {
			isa = PBXFrameworksBuildPhase;
			buildActionMask = 2147483647;
			files = (
			);
			runOnlyForDeploymentPostprocessing = 0;
		};
		D289988505E68E00004EDB86 /* Frameworks */ = {
			isa = PBXFrameworksBuildPhase;
			buildActionMask = 2147483647;
			files = (
				4DAEAA610DDCCED1001C6E8F /* libevent.dylib in Frameworks */,
			);
			runOnlyForDeploymentPostprocessing = 0;
		};
/* End PBXFrameworksBuildPhase section */

/* Begin PBXGroup section */
		08FB7794FE84155DC02AAC07 /* KadC */ = {
			isa = PBXGroup;
			children = (
				08FB7795FE84155DC02AAC07 /* Library */,
				4D423BEA0CE74A290025D375 /* Clients */,
				4DF01A590CE88C1400E5F1B8 /* Resources */,
				4DAEAA0F0DDCCDB7001C6E8F /* libevent */,
				1AB674ADFE9D54B511CA2CBB /* Products */,
			);
			name = KadC;
			sourceTree = "<group>";
		};
		08FB7795FE84155DC02AAC07 /* Library */ = {
			isa = PBXGroup;
			children = (
				4D678AD70CCE768E001E27C2 /* bufio.c */,
				4D678AD80CCE768E001E27C2 /* bufio.h */,
				4D678AEF0CCE768E001E27C2 /* dht.c */,
				4D678AF00CCE768E001E27C2 /* dht.h */,
				4D678AE10CCE768E001E27C2 /* inifiles.c */,
				4D678AE20CCE768E001E27C2 /* inifiles.h */,
				4D678AE30CCE768E001E27C2 /* hash.c */,
				4D678AE40CCE768E001E27C2 /* hash.h */,
				4D5785EA0D3E320700FCE31F /* kadc.pch */,
				4D5787100D3E53C700FCE31F /* kadc.h */,
				4D678AE90CCE768E001E27C2 /* logging.c */,
				4D678AEA0CCE768E001E27C2 /* logging.h */,
				4D678AF70CCE768E001E27C2 /* net.c */,
				4D678AF80CCE768E001E27C2 /* net.h */,
				4D5786CC0D3E4FD800FCE31F /* overnet.c */,
				4D5786CB0D3E4FD800FCE31F /* overnet.h */,
				4D678AF90CCE768E001E27C2 /* overnet_opcodes.h */,
				4D678AFF0CCE768E001E27C2 /* queue.c */,
				4D678B000CCE768E001E27C2 /* queue.h */,
				4D678B010CCE768E001E27C2 /* rbt.c */,
				4D678B020CCE768E001E27C2 /* rbt.h */,
				4D423C270CE76EA80025D375 /* utils.c */,
				4D423C280CE76EA80025D375 /* utils.h */,
				4D6859130D6318990053AB8A /* internal.h */,
				4D6859140D6318990053AB8A /* internal.c */,
				4D05EB080D646A1500E7E241 /* message.h */,
				4D05EB090D646A1500E7E241 /* message.c */,
				4D05EB0C0D646ACB00E7E241 /* contact.h */,
				4D05EB0D0D646ACB00E7E241 /* contact.c */,
				4D479A400DDDBE4E00DA8E42 /* session.h */,
				4D479A410DDDBE4E00DA8E42 /* session.c */,
			);
			name = Library;
			path = src;
			sourceTree = "<group>";
		};
		1AB674ADFE9D54B511CA2CBB /* Products */ = {
			isa = PBXGroup;
			children = (
				D2AAC0630554660B00DB518D /* libKadC.dylib */,
				4D2E57790CCF45A00095A3C3 /* Test */,
				4DAEAA0B0DDCCDAE001C6E8F /* libevent.dylib */,
			);
			name = Products;
			sourceTree = "<group>";
		};
		4D0A41D20DE2EB2E00EA478D /* event2 */ = {
			isa = PBXGroup;
			children = (
				4D0A41D30DE2EB2E00EA478D /* buffer.h */,
				4D0A41D40DE2EB2E00EA478D /* bufferevent.h */,
				4D0A41D50DE2EB2E00EA478D /* bufferevent_struct.h */,
				4D0A41D60DE2EB2E00EA478D /* event.h */,
				4D0A41D70DE2EB2E00EA478D /* event_compat.h */,
				4D0A41D80DE2EB2E00EA478D /* event_struct.h */,
				4D0A41D90DE2EB2E00EA478D /* http.h */,
				4D0A41DA0DE2EB2E00EA478D /* http_compat.h */,
				4D0A41DB0DE2EB2E00EA478D /* http_struct.h */,
				4D0A41DC0DE2EB2E00EA478D /* tag.h */,
				4D0A41DD0DE2EB2E00EA478D /* thread.h */,
				4D0A41DE0DE2EB2E00EA478D /* util.h */,
			);
			name = event2;
			path = "third-party/libevent/include/event2";
			sourceTree = "<group>";
		};
		4D423BEA0CE74A290025D375 /* Clients */ = {
			isa = PBXGroup;
			children = (
				4D2E570A0CCF42CD0095A3C3 /* overnet_client.c */,
			);
			name = Clients;
			sourceTree = "<group>";
		};
		4DAEAA0F0DDCCDB7001C6E8F /* libevent */ = {
			isa = PBXGroup;
			children = (
				4D0A420F0DE2F23800EA478D /* bufferevent-internal.h */,
				4D0A42100DE2F23800EA478D /* bufferevent.c */,
				4D0A42110DE2F23800EA478D /* config.h */,
				4D0A42150DE2F23800EA478D /* evbuffer-internal.h */,
				4D0A42170DE2F23800EA478D /* evthread-internal.h */,
				4D0A41D20DE2EB2E00EA478D /* event2 */,
				4DAEAA160DDCCDFA001C6E8F /* log.h */,
				4DAEAA170DDCCDFA001C6E8F /* poll.c */,
				4DAEAA180DDCCDFA001C6E8F /* evrpc.c */,
				4DAEAA190DDCCDFA001C6E8F /* buffer.c */,
				4DAEAA1A0DDCCDFA001C6E8F /* event-config.h */,
				4DAEAA1B0DDCCDFA001C6E8F /* http.c */,
				4DAEAA1C0DDCCDFA001C6E8F /* http-internal.h */,
				4DAEAA1D0DDCCDFA001C6E8F /* kqueue.c */,
				4DAEAA1E0DDCCDFA001C6E8F /* evutil.c */,
				4DAEAA1F0DDCCDFA001C6E8F /* evutil.h */,
				4DAEAA200DDCCDFA001C6E8F /* evrpc-internal.h */,
				4DAEAA210DDCCDFA001C6E8F /* evrpc.h */,
				4DAEAA220DDCCDFA001C6E8F /* min_heap.h */,
				4DAEAA230DDCCDFA001C6E8F /* event_tagging.c */,
				4DAEAA260DDCCDFA001C6E8F /* event-internal.h */,
				4DAEAA270DDCCDFA001C6E8F /* evhttp.h */,
				4DAEAA290DDCCDFA001C6E8F /* evsignal.h */,
				4DAEAA2A0DDCCDFA001C6E8F /* evdns.c */,
				4DAEAA2B0DDCCDFA001C6E8F /* evdns.h */,
				4DAEAA2C0DDCCDFA001C6E8F /* log.c */,
				4DAEAA2D0DDCCDFA001C6E8F /* event.h */,
				4DAEAA2E0DDCCDFA001C6E8F /* event.c */,
				4DAEAA2F0DDCCDFA001C6E8F /* strlcpy.c */,
				4DAEAA300DDCCDFA001C6E8F /* strlcpy-internal.h */,
				4DAEAA310DDCCDFA001C6E8F /* signal.c */,
				4DAEAA320DDCCDFA001C6E8F /* select.c */,
			);
			name = libevent;
			sourceTree = "<group>";
		};
		4DF01A590CE88C1400E5F1B8 /* Resources */ = {
			isa = PBXGroup;
			children = (
				4DF01A5A0CE88C2B00E5F1B8 /* Doxyfile */,
				4DA82DA10CD12FD9000056AE /* kadc.ini */,
			);
			name = Resources;
			sourceTree = "<group>";
		};
/* End PBXGroup section */

/* Begin PBXHeadersBuildPhase section */
		4DAEAA070DDCCDAE001C6E8F /* Headers */ = {
			isa = PBXHeadersBuildPhase;
			buildActionMask = 2147483647;
			files = (
				4DAEAA350DDCCDFA001C6E8F /* log.h in Headers */,
				4DAEAA390DDCCDFA001C6E8F /* event-config.h in Headers */,
				4DAEAA3B0DDCCDFA001C6E8F /* http-internal.h in Headers */,
				4DAEAA3E0DDCCDFA001C6E8F /* evutil.h in Headers */,
				4DAEAA3F0DDCCDFA001C6E8F /* evrpc-internal.h in Headers */,
				4DAEAA400DDCCDFA001C6E8F /* evrpc.h in Headers */,
				4DAEAA410DDCCDFA001C6E8F /* min_heap.h in Headers */,
				4DAEAA450DDCCDFA001C6E8F /* event-internal.h in Headers */,
				4DAEAA460DDCCDFA001C6E8F /* evhttp.h in Headers */,
				4DAEAA480DDCCDFA001C6E8F /* evsignal.h in Headers */,
				4DAEAA4A0DDCCDFA001C6E8F /* evdns.h in Headers */,
				4DAEAA4C0DDCCDFA001C6E8F /* event.h in Headers */,
				4DAEAA4F0DDCCDFA001C6E8F /* strlcpy-internal.h in Headers */,
				4D0A41F20DE2EE3700EA478D /* buffer.h in Headers */,
				4D0A41F30DE2EE3800EA478D /* bufferevent.h in Headers */,
				4D0A41F40DE2EE3800EA478D /* bufferevent_struct.h in Headers */,
				4D0A41F50DE2EE3900EA478D /* event.h in Headers */,
				4D0A41F60DE2EE3900EA478D /* event_compat.h in Headers */,
				4D0A41F70DE2EE3A00EA478D /* event_struct.h in Headers */,
				4D0A41F80DE2EE3A00EA478D /* http.h in Headers */,
				4D0A41F90DE2EE3B00EA478D /* http_compat.h in Headers */,
				4D0A41FA0DE2EE3C00EA478D /* http_struct.h in Headers */,
				4D0A41FB0DE2EE3C00EA478D /* tag.h in Headers */,
				4D0A41FC0DE2EE3D00EA478D /* thread.h in Headers */,
				4D0A41FD0DE2EE3D00EA478D /* util.h in Headers */,
				4D0A42190DE2F23800EA478D /* bufferevent-internal.h in Headers */,
				4D0A421B0DE2F23800EA478D /* config.h in Headers */,
				4D0A421F0DE2F23800EA478D /* evbuffer-internal.h in Headers */,
				4D0A42210DE2F23800EA478D /* evthread-internal.h in Headers */,
			);
			runOnlyForDeploymentPostprocessing = 0;
		};
		D2AAC0600554660B00DB518D /* Headers */ = {
			isa = PBXHeadersBuildPhase;
			buildActionMask = 2147483647;
			files = (
				4D423C2A0CE76EA80025D375 /* utils.h in Headers */,
				4D5786CD0D3E4FD800FCE31F /* overnet.h in Headers */,
				4D5786DE0D3E501D00FCE31F /* rbt.h in Headers */,
				4D5786DF0D3E501E00FCE31F /* queue.h in Headers */,
				4D5786E00D3E501F00FCE31F /* net.h in Headers */,
				4D5786E10D3E502000FCE31F /* logging.h in Headers */,
				4D5786E30D3E502300FCE31F /* hash.h in Headers */,
				4D5786E50D3E502500FCE31F /* inifiles.h in Headers */,
				4D5786E60D3E502500FCE31F /* dht.h in Headers */,
				4D5786E70D3E502600FCE31F /* bufio.h in Headers */,
				4D5787110D3E53C700FCE31F /* kadc.h in Headers */,
				4D5787130D3E544200FCE31F /* overnet_opcodes.h in Headers */,
				4D6859150D6318990053AB8A /* internal.h in Headers */,
				4D05EB0A0D646A1500E7E241 /* message.h in Headers */,
				4D05EB0E0D646ACB00E7E241 /* contact.h in Headers */,
				4D479A420DDDBE4E00DA8E42 /* session.h in Headers */,
			);
			runOnlyForDeploymentPostprocessing = 0;
		};
/* End PBXHeadersBuildPhase section */

/* Begin PBXNativeTarget section */
		4D2E57780CCF45A00095A3C3 /* Test */ = {
			isa = PBXNativeTarget;
			buildConfigurationList = 4D2E57840CCF45DC0095A3C3 /* Build configuration list for PBXNativeTarget "Test" */;
			buildPhases = (
				4D2E57760CCF45A00095A3C3 /* Sources */,
				4D2E57770CCF45A00095A3C3 /* Frameworks */,
				4DA82DA80CD12FED000056AE /* CopyFiles */,
			);
			buildRules = (
			);
			dependencies = (
				4D2E577F0CCF45AC0095A3C3 /* PBXTargetDependency */,
			);
			name = Test;
			productName = Test;
			productReference = 4D2E57790CCF45A00095A3C3 /* Test */;
			productType = "com.apple.product-type.tool";
		};
		4DAEAA0A0DDCCDAE001C6E8F /* event */ = {
			isa = PBXNativeTarget;
			buildConfigurationList = 4DAEAA100DDCCDB7001C6E8F /* Build configuration list for PBXNativeTarget "event" */;
			buildPhases = (
				4DAEAA070DDCCDAE001C6E8F /* Headers */,
				4DAEAA080DDCCDAE001C6E8F /* Sources */,
				4DAEAA090DDCCDAE001C6E8F /* Frameworks */,
			);
			buildRules = (
			);
			dependencies = (
			);
			name = event;
			productName = event;
			productReference = 4DAEAA0B0DDCCDAE001C6E8F /* libevent.dylib */;
			productType = "com.apple.product-type.library.dynamic";
		};
		D2AAC0620554660B00DB518D /* KadC */ = {
			isa = PBXNativeTarget;
			buildConfigurationList = 1DEB914A08733D8E0010E9CD /* Build configuration list for PBXNativeTarget "KadC" */;
			buildPhases = (
				D2AAC0600554660B00DB518D /* Headers */,
				D2AAC0610554660B00DB518D /* Sources */,
				D289988505E68E00004EDB86 /* Frameworks */,
			);
			buildRules = (
			);
			dependencies = (
				4DAEAA600DDCCEC8001C6E8F /* PBXTargetDependency */,
			);
			name = KadC;
			productName = KadC;
			productReference = D2AAC0630554660B00DB518D /* libKadC.dylib */;
			productType = "com.apple.product-type.library.dynamic";
		};
/* End PBXNativeTarget section */

/* Begin PBXProject section */
		08FB7793FE84155DC02AAC07 /* Project object */ = {
			isa = PBXProject;
			buildConfigurationList = 1DEB914E08733D8E0010E9CD /* Build configuration list for PBXProject "KadC" */;
			compatibilityVersion = "Xcode 2.4";
			hasScannedForEncodings = 1;
			mainGroup = 08FB7794FE84155DC02AAC07 /* KadC */;
			projectDirPath = "";
			projectRoot = "";
			targets = (
				4D2E57780CCF45A00095A3C3 /* Test */,
				D2AAC0620554660B00DB518D /* KadC */,
				4DAEAA0A0DDCCDAE001C6E8F /* event */,
			);
		};
/* End PBXProject section */

/* Begin PBXSourcesBuildPhase section */
		4D2E57760CCF45A00095A3C3 /* Sources */ = {
			isa = PBXSourcesBuildPhase;
			buildActionMask = 2147483647;
			files = (
				4D2E577D0CCF45A80095A3C3 /* overnet_client.c in Sources */,
			);
			runOnlyForDeploymentPostprocessing = 0;
		};
		4DAEAA080DDCCDAE001C6E8F /* Sources */ = {
			isa = PBXSourcesBuildPhase;
			buildActionMask = 2147483647;
			files = (
				4DAEAA360DDCCDFA001C6E8F /* poll.c in Sources */,
				4DAEAA370DDCCDFA001C6E8F /* evrpc.c in Sources */,
				4DAEAA380DDCCDFA001C6E8F /* buffer.c in Sources */,
				4DAEAA3A0DDCCDFA001C6E8F /* http.c in Sources */,
				4DAEAA3C0DDCCDFA001C6E8F /* kqueue.c in Sources */,
				4DAEAA3D0DDCCDFA001C6E8F /* evutil.c in Sources */,
				4DAEAA420DDCCDFA001C6E8F /* event_tagging.c in Sources */,
				4DAEAA490DDCCDFA001C6E8F /* evdns.c in Sources */,
				4DAEAA4B0DDCCDFA001C6E8F /* log.c in Sources */,
				4DAEAA4D0DDCCDFA001C6E8F /* event.c in Sources */,
				4DAEAA4E0DDCCDFA001C6E8F /* strlcpy.c in Sources */,
				4DAEAA500DDCCDFA001C6E8F /* signal.c in Sources */,
				4DAEAA510DDCCDFA001C6E8F /* select.c in Sources */,
				4D0A421A0DE2F23800EA478D /* bufferevent.c in Sources */,
			);
			runOnlyForDeploymentPostprocessing = 0;
		};
		D2AAC0610554660B00DB518D /* Sources */ = {
			isa = PBXSourcesBuildPhase;
			buildActionMask = 2147483647;
			files = (
				4D678B130CCE768E001E27C2 /* hash.c in Sources */,
				4D678B1F0CCE768E001E27C2 /* dht.c in Sources */,
				4D2E57010CCF42A60095A3C3 /* rbt.c in Sources */,
				4D2E57040CCF42B70095A3C3 /* logging.c in Sources */,
				4D4286DD0CD214150082574E /* bufio.c in Sources */,
				4D423C290CE76EA80025D375 /* utils.c in Sources */,
				4D57863C0D3E3AC400FCE31F /* queue.c in Sources */,
				4D5786CE0D3E4FD800FCE31F /* overnet.c in Sources */,
				4D5786E40D3E502400FCE31F /* inifiles.c in Sources */,
				4D6859160D6318990053AB8A /* internal.c in Sources */,
				4D05EB0B0D646A1500E7E241 /* message.c in Sources */,
				4D05EB0F0D646ACB00E7E241 /* contact.c in Sources */,
				4D6BBE360D65DF1A00BA42D5 /* net.c in Sources */,
				4D479A430DDDBE4E00DA8E42 /* session.c in Sources */,
			);
			runOnlyForDeploymentPostprocessing = 0;
		};
/* End PBXSourcesBuildPhase section */

/* Begin PBXTargetDependency section */
		4D2E577F0CCF45AC0095A3C3 /* PBXTargetDependency */ = {
			isa = PBXTargetDependency;
			target = D2AAC0620554660B00DB518D /* KadC */;
			targetProxy = 4D2E577E0CCF45AC0095A3C3 /* PBXContainerItemProxy */;
		};
		4DAEAA600DDCCEC8001C6E8F /* PBXTargetDependency */ = {
			isa = PBXTargetDependency;
			target = 4DAEAA0A0DDCCDAE001C6E8F /* event */;
			targetProxy = 4DAEAA5F0DDCCEC8001C6E8F /* PBXContainerItemProxy */;
		};
/* End PBXTargetDependency section */

/* Begin XCBuildConfiguration section */
		1DEB914B08733D8E0010E9CD /* Debug */ = {
			isa = XCBuildConfiguration;
			buildSettings = {
				COPY_PHASE_STRIP = NO;
				EXECUTABLE_PREFIX = lib;
				GCC_DYNAMIC_NO_PIC = NO;
				GCC_ENABLE_FIX_AND_CONTINUE = YES;
				GCC_MODEL_TUNING = G5;
				GCC_OPTIMIZATION_LEVEL = 0;
				GCC_PRECOMPILE_PREFIX_HEADER = YES;
				GCC_PREFIX_HEADER = src/kadc.pch;
				GCC_PREPROCESSOR_DEFINITIONS = (
					"DEBUG=1",
					"VERBOSEDEBUG=1",
				);
				INSTALL_PATH = "@loader_path";
				PRODUCT_NAME = KadC;
				ZERO_LINK = YES;
			};
			name = Debug;
		};
		1DEB914C08733D8E0010E9CD /* Release */ = {
			isa = XCBuildConfiguration;
			buildSettings = {
				ARCHS = (
					ppc,
					i386,
				);
				EXECUTABLE_PREFIX = lib;
				GCC_GENERATE_DEBUGGING_SYMBOLS = NO;
				GCC_MODEL_TUNING = G5;
				GCC_PRECOMPILE_PREFIX_HEADER = YES;
				GCC_PREFIX_HEADER = src/kadc.pch;
				INSTALL_PATH = /usr/local/lib;
				OTHER_LDFLAGS = "-levent";
				PRODUCT_NAME = KadC;
			};
			name = Release;
		};
		1DEB914F08733D8E0010E9CD /* Debug */ = {
			isa = XCBuildConfiguration;
			buildSettings = {
				GCC_OPTIMIZATION_LEVEL = 0;
				HEADER_SEARCH_PATHS = "\"$(SRCROOT)/third-party/libevent/include\"";
				PREBINDING = NO;
				SDKROOT = /Developer/SDKs/MacOSX10.5.sdk;
				WARNING_CFLAGS = "-Wall";
			};
			name = Debug;
		};
		1DEB915008733D8E0010E9CD /* Release */ = {
			isa = XCBuildConfiguration;
			buildSettings = {
				HEADER_SEARCH_PATHS = "\"$(SRCROOT)/third-party/libevent/include\"";
				PREBINDING = NO;
				SDKROOT = /Developer/SDKs/MacOSX10.5.sdk;
			};
			name = Release;
		};
		4D2E57850CCF45DC0095A3C3 /* Debug */ = {
			isa = XCBuildConfiguration;
			buildSettings = {
				COPY_PHASE_STRIP = NO;
				GCC_DYNAMIC_NO_PIC = NO;
				GCC_ENABLE_FIX_AND_CONTINUE = YES;
				GCC_GENERATE_DEBUGGING_SYMBOLS = YES;
				GCC_MODEL_TUNING = G5;
				GCC_OPTIMIZATION_LEVEL = 0;
				INSTALL_PATH = "$(HOME)/bin";
				PREBINDING = NO;
				PRODUCT_NAME = Test;
				ZERO_LINK = YES;
			};
			name = Debug;
		};
		4D2E57860CCF45DC0095A3C3 /* Release */ = {
			isa = XCBuildConfiguration;
			buildSettings = {
				ARCHS = (
					i386,
					ppc,
				);
				COPY_PHASE_STRIP = YES;
				GCC_ENABLE_FIX_AND_CONTINUE = NO;
				GCC_GENERATE_DEBUGGING_SYMBOLS = NO;
				GCC_MODEL_TUNING = G5;
				INSTALL_PATH = "$(HOME)/bin";
				PREBINDING = NO;
				PRODUCT_NAME = Test;
				ZERO_LINK = NO;
			};
			name = Release;
		};
		4DAEAA0C0DDCCDAE001C6E8F /* Debug */ = {
			isa = XCBuildConfiguration;
			buildSettings = {
				COPY_PHASE_STRIP = NO;
				EXECUTABLE_PREFIX = lib;
				GCC_DYNAMIC_NO_PIC = NO;
				GCC_ENABLE_FIX_AND_CONTINUE = YES;
				GCC_MODEL_TUNING = G5;
				GCC_OPTIMIZATION_LEVEL = 0;
				GCC_PREPROCESSOR_DEFINITIONS = HAVE_CONFIG_H;
				INSTALL_PATH = "@loader_path/";
				PREBINDING = NO;
				PRODUCT_NAME = event;
				ZERO_LINK = YES;
			};
			name = Debug;
		};
		4DAEAA0D0DDCCDAE001C6E8F /* Release */ = {
			isa = XCBuildConfiguration;
			buildSettings = {
				COPY_PHASE_STRIP = YES;
				DEBUG_INFORMATION_FORMAT = "dwarf-with-dsym";
				EXECUTABLE_PREFIX = lib;
				GCC_ENABLE_FIX_AND_CONTINUE = NO;
				GCC_MODEL_TUNING = G5;
				GCC_PREPROCESSOR_DEFINITIONS = HAVE_CONFIG_H;
				INSTALL_PATH = /usr/local/lib;
				PREBINDING = NO;
				PRODUCT_NAME = event;
				ZERO_LINK = NO;
			};
			name = Release;
		};
/* End XCBuildConfiguration section */

/* Begin XCConfigurationList section */
		1DEB914A08733D8E0010E9CD /* Build configuration list for PBXNativeTarget "KadC" */ = {
			isa = XCConfigurationList;
			buildConfigurations = (
				1DEB914B08733D8E0010E9CD /* Debug */,
				1DEB914C08733D8E0010E9CD /* Release */,
			);
			defaultConfigurationIsVisible = 0;
			defaultConfigurationName = Release;
		};
		1DEB914E08733D8E0010E9CD /* Build configuration list for PBXProject "KadC" */ = {
			isa = XCConfigurationList;
			buildConfigurations = (
				1DEB914F08733D8E0010E9CD /* Debug */,
				1DEB915008733D8E0010E9CD /* Release */,
			);
			defaultConfigurationIsVisible = 0;
			defaultConfigurationName = Release;
		};
		4D2E57840CCF45DC0095A3C3 /* Build configuration list for PBXNativeTarget "Test" */ = {
			isa = XCConfigurationList;
			buildConfigurations = (
				4D2E57850CCF45DC0095A3C3 /* Debug */,
				4D2E57860CCF45DC0095A3C3 /* Release */,
			);
			defaultConfigurationIsVisible = 0;
			defaultConfigurationName = Release;
		};
		4DAEAA100DDCCDB7001C6E8F /* Build configuration list for PBXNativeTarget "event" */ = {
			isa = XCConfigurationList;
			buildConfigurations = (
				4DAEAA0C0DDCCDAE001C6E8F /* Debug */,
				4DAEAA0D0DDCCDAE001C6E8F /* Release */,
			);
			defaultConfigurationIsVisible = 0;
			defaultConfigurationName = Release;
		};
/* End XCConfigurationList section */
	};
	rootObject = 08FB7793FE84155DC02AAC07 /* Project object */;
}
